
Microsoft Visual Studio Solution File, Format Version 12.00
# Visual Studio Version 17
VisualStudioVersion = 17.3.32901.215
MinimumVisualStudioVersion = 10.0.40219.1
Project("{FAE04EC0-301F-11D3-BF4B-00C04F79EFBC}") = "6.10", "6.10\6.10.csproj", "{12204906-8106-4BFA-B9A2-F4AE583F7491}"
EndProject
Global
	GlobalSection(SolutionConfigurationPlatforms) = preSolution
		Debug|Any CPU = Debug|Any CPU
		Release|Any CPU = Release|Any CPU
	EndGlobalSection
	GlobalSection(ProjectConfigurationPlatforms) = postSolution
		{12204906-8106-4BFA-B9A2-F4AE583F7491}.Debug|Any CPU.ActiveCfg = Debug|Any CPU
		{12204906-8106-4BFA-B9A2-F4AE583F7491}.Debug|Any CPU.Build.0 = Debug|Any CPU
		{12204906-8106-4BFA-B9A2-F4AE583F7491}.Release|Any CPU.ActiveCfg = Release|Any CPU
		{12204906-8106-4BFA-B9A2-F4AE583F7491}.Release|Any CPU.Build.0 = Release|Any CPU
	EndGlobalSection
	GlobalSection(SolutionProperties) = preSolution
		HideSolutionNode = FALSE
	EndGlobalSection
	GlobalSection(ExtensibilityGlobals) = postSolution
		SolutionGuid = {1C863FF3-7E4A-4063-9D12-17137E42308B}
	EndGlobalSection
EndGlobal
